
Microsoft Visual Studio Solution File, Format Version 11.00
# Visual C# Express 2010
Project("{2150E333-8FDC-42A3-9474-1A3956D46DE8}") = "Solution Items", "Solution Items", "{B2B40278-5AAA-4E6C-9A81-8EC0B32B9BA7}"
	ProjectSection(SolutionItems) = preProject
		InfServer.vsmdi = InfServer.vsmdi
		LocalTestRun.testrunconfig = LocalTestRun.testrunconfig
	EndProjectSection
EndProject
Project("{FAE04EC0-301F-11D3-BF4B-00C04F79EFBC}") = "Assets", "Assets\Assets.csproj", "{4CAAE4EA-8F54-4FF7-A40A-EDB3949EDF18}"
EndProject
Project("{FAE04EC0-301F-11D3-BF4B-00C04F79EFBC}") = "InfServer.Network", "InfServer.Network\InfServer.Network.csproj", "{5D556DA8-1878-46F3-8064-AC5338832BB4}"
EndProject
Project("{FAE04EC0-301F-11D3-BF4B-00C04F79EFBC}") = "InfServer", "InfServer\InfServer.csproj", "{D5FE7923-118B-4DBE-B18C-26DBEC0A18F8}"
EndProject
Project("{FAE04EC0-301F-11D3-BF4B-00C04F79EFBC}") = "Scripts", "bin\scripts\Scripts.csproj", "{92319419-09C9-449F-95A3-C2A659211D80}"
EndProject
Project("{FAE04EC0-301F-11D3-BF4B-00C04F79EFBC}") = "InfServer.DirectoryServer", "InfServer.DirectoryServer\InfServer.DirectoryServer.csproj", "{DEE908A4-5FBE-440B-8A6D-99442F30F3A2}"
EndProject
Project("{FAE04EC0-301F-11D3-BF4B-00C04F79EFBC}") = "InfServer.Database", "InfServer.Database\InfServer.Database.csproj", "{3581E182-401E-4E42-BEEC-A5952C9987D5}"
EndProject
Project("{FAE04EC0-301F-11D3-BF4B-00C04F79EFBC}") = "InfServer.DBComm", "InfServer.DBComm\InfServer.DBComm.csproj", "{8817E7B9-441E-45EF-B2BF-9E637DCCB868}"
EndProject
Project("{FAE04EC0-301F-11D3-BF4B-00C04F79EFBC}") = "InfClient", "InfClient\InfClient.csproj", "{BBE33154-D8E9-49A7-A8DA-F3ACA2D015A1}"
	ProjectSection(ProjectDependencies) = postProject
		{D5FE7923-118B-4DBE-B18C-26DBEC0A18F8} = {D5FE7923-118B-4DBE-B18C-26DBEC0A18F8}
	EndProjectSection
EndProject
Project("{FAE04EC0-301F-11D3-BF4B-00C04F79EFBC}") = "InfServer.StatServer", "InfServer.StatServer\InfServer.StatServer.csproj", "{894C1C82-04E0-46CB-8892-66A02F7769C2}"
EndProject
Global
	GlobalSection(SolutionConfigurationPlatforms) = preSolution
		Debug|Itanium = Debug|Itanium
		Debug|Mixed Platforms = Debug|Mixed Platforms
		Debug|x86 = Debug|x86
		Release|Itanium = Release|Itanium
		Release|Mixed Platforms = Release|Mixed Platforms
		Release|x86 = Release|x86
	EndGlobalSection
	GlobalSection(ProjectConfigurationPlatforms) = postSolution
		{4CAAE4EA-8F54-4FF7-A40A-EDB3949EDF18}.Debug|Itanium.ActiveCfg = Debug|Itanium
		{4CAAE4EA-8F54-4FF7-A40A-EDB3949EDF18}.Debug|Itanium.Build.0 = Debug|Itanium
		{4CAAE4EA-8F54-4FF7-A40A-EDB3949EDF18}.Debug|Mixed Platforms.ActiveCfg = Debug|Itanium
		{4CAAE4EA-8F54-4FF7-A40A-EDB3949EDF18}.Debug|Mixed Platforms.Build.0 = Debug|Itanium
		{4CAAE4EA-8F54-4FF7-A40A-EDB3949EDF18}.Debug|x86.ActiveCfg = Debug|Any CPU
		{4CAAE4EA-8F54-4FF7-A40A-EDB3949EDF18}.Debug|x86.Build.0 = Debug|Any CPU
		{4CAAE4EA-8F54-4FF7-A40A-EDB3949EDF18}.Release|Itanium.ActiveCfg = Release|Itanium
		{4CAAE4EA-8F54-4FF7-A40A-EDB3949EDF18}.Release|Itanium.Build.0 = Release|Itanium
		{4CAAE4EA-8F54-4FF7-A40A-EDB3949EDF18}.Release|Mixed Platforms.ActiveCfg = Release|Itanium
		{4CAAE4EA-8F54-4FF7-A40A-EDB3949EDF18}.Release|Mixed Platforms.Build.0 = Release|Itanium
		{4CAAE4EA-8F54-4FF7-A40A-EDB3949EDF18}.Release|x86.ActiveCfg = Release|Any CPU
		{4CAAE4EA-8F54-4FF7-A40A-EDB3949EDF18}.Release|x86.Build.0 = Release|Any CPU
		{5D556DA8-1878-46F3-8064-AC5338832BB4}.Debug|Itanium.ActiveCfg = Debug|Itanium
		{5D556DA8-1878-46F3-8064-AC5338832BB4}.Debug|Itanium.Build.0 = Debug|Itanium
		{5D556DA8-1878-46F3-8064-AC5338832BB4}.Debug|Mixed Platforms.ActiveCfg = Debug|Itanium
		{5D556DA8-1878-46F3-8064-AC5338832BB4}.Debug|Mixed Platforms.Build.0 = Debug|Itanium
		{5D556DA8-1878-46F3-8064-AC5338832BB4}.Debug|x86.ActiveCfg = Debug|Any CPU
		{5D556DA8-1878-46F3-8064-AC5338832BB4}.Debug|x86.Build.0 = Debug|Any CPU
		{5D556DA8-1878-46F3-8064-AC5338832BB4}.Release|Itanium.ActiveCfg = Release|Itanium
		{5D556DA8-1878-46F3-8064-AC5338832BB4}.Release|Itanium.Build.0 = Release|Itanium
		{5D556DA8-1878-46F3-8064-AC5338832BB4}.Release|Mixed Platforms.ActiveCfg = Release|Itanium
		{5D556DA8-1878-46F3-8064-AC5338832BB4}.Release|Mixed Platforms.Build.0 = Release|Itanium
		{5D556DA8-1878-46F3-8064-AC5338832BB4}.Release|x86.ActiveCfg = Release|Any CPU
		{5D556DA8-1878-46F3-8064-AC5338832BB4}.Release|x86.Build.0 = Release|Any CPU
		{D5FE7923-118B-4DBE-B18C-26DBEC0A18F8}.Debug|Itanium.ActiveCfg = Debug|Itanium
		{D5FE7923-118B-4DBE-B18C-26DBEC0A18F8}.Debug|Itanium.Build.0 = Debug|Itanium
		{D5FE7923-118B-4DBE-B18C-26DBEC0A18F8}.Debug|Mixed Platforms.ActiveCfg = Debug|Any CPU
		{D5FE7923-118B-4DBE-B18C-26DBEC0A18F8}.Debug|Mixed Platforms.Build.0 = Debug|Any CPU
		{D5FE7923-118B-4DBE-B18C-26DBEC0A18F8}.Debug|x86.ActiveCfg = Debug|Any CPU
		{D5FE7923-118B-4DBE-B18C-26DBEC0A18F8}.Debug|x86.Build.0 = Debug|Any CPU
		{D5FE7923-118B-4DBE-B18C-26DBEC0A18F8}.Release|Itanium.ActiveCfg = Release|Itanium
		{D5FE7923-118B-4DBE-B18C-26DBEC0A18F8}.Release|Itanium.Build.0 = Release|Itanium
		{D5FE7923-118B-4DBE-B18C-26DBEC0A18F8}.Release|Mixed Platforms.ActiveCfg = Release|Itanium
		{D5FE7923-118B-4DBE-B18C-26DBEC0A18F8}.Release|Mixed Platforms.Build.0 = Release|Itanium
		{D5FE7923-118B-4DBE-B18C-26DBEC0A18F8}.Release|x86.ActiveCfg = Release|Any CPU
		{D5FE7923-118B-4DBE-B18C-26DBEC0A18F8}.Release|x86.Build.0 = Release|Any CPU
		{92319419-09C9-449F-95A3-C2A659211D80}.Debug|Itanium.ActiveCfg = Debug|Itanium
		{92319419-09C9-449F-95A3-C2A659211D80}.Debug|Itanium.Build.0 = Debug|Itanium
		{92319419-09C9-449F-95A3-C2A659211D80}.Debug|Mixed Platforms.ActiveCfg = Debug|Itanium
		{92319419-09C9-449F-95A3-C2A659211D80}.Debug|Mixed Platforms.Build.0 = Debug|Itanium
		{92319419-09C9-449F-95A3-C2A659211D80}.Debug|x86.ActiveCfg = Debug|Any CPU
		{92319419-09C9-449F-95A3-C2A659211D80}.Release|Itanium.ActiveCfg = Release|Itanium
		{92319419-09C9-449F-95A3-C2A659211D80}.Release|Itanium.Build.0 = Release|Itanium
		{92319419-09C9-449F-95A3-C2A659211D80}.Release|Mixed Platforms.ActiveCfg = Release|Itanium
		{92319419-09C9-449F-95A3-C2A659211D80}.Release|Mixed Platforms.Build.0 = Release|Itanium
		{92319419-09C9-449F-95A3-C2A659211D80}.Release|x86.ActiveCfg = Release|Any CPU
		{DEE908A4-5FBE-440B-8A6D-99442F30F3A2}.Debug|Itanium.ActiveCfg = Debug|Itanium
		{DEE908A4-5FBE-440B-8A6D-99442F30F3A2}.Debug|Itanium.Build.0 = Debug|Itanium
		{DEE908A4-5FBE-440B-8A6D-99442F30F3A2}.Debug|Mixed Platforms.ActiveCfg = Debug|Itanium
		{DEE908A4-5FBE-440B-8A6D-99442F30F3A2}.Debug|Mixed Platforms.Build.0 = Debug|Itanium
		{DEE908A4-5FBE-440B-8A6D-99442F30F3A2}.Debug|x86.ActiveCfg = Debug|x86
		{DEE908A4-5FBE-440B-8A6D-99442F30F3A2}.Debug|x86.Build.0 = Debug|x86
		{DEE908A4-5FBE-440B-8A6D-99442F30F3A2}.Release|Itanium.ActiveCfg = Release|Itanium
		{DEE908A4-5FBE-440B-8A6D-99442F30F3A2}.Release|Itanium.Build.0 = Release|Itanium
		{DEE908A4-5FBE-440B-8A6D-99442F30F3A2}.Release|Mixed Platforms.ActiveCfg = Release|Itanium
		{DEE908A4-5FBE-440B-8A6D-99442F30F3A2}.Release|Mixed Platforms.Build.0 = Release|Itanium
		{DEE908A4-5FBE-440B-8A6D-99442F30F3A2}.Release|x86.ActiveCfg = Release|x86
		{3581E182-401E-4E42-BEEC-A5952C9987D5}.Debug|Itanium.ActiveCfg = Debug|Itanium
		{3581E182-401E-4E42-BEEC-A5952C9987D5}.Debug|Itanium.Build.0 = Debug|Itanium
		{3581E182-401E-4E42-BEEC-A5952C9987D5}.Debug|Mixed Platforms.ActiveCfg = Debug|Itanium
		{3581E182-401E-4E42-BEEC-A5952C9987D5}.Debug|Mixed Platforms.Build.0 = Debug|Itanium
		{3581E182-401E-4E42-BEEC-A5952C9987D5}.Debug|x86.ActiveCfg = Debug|x86
		{3581E182-401E-4E42-BEEC-A5952C9987D5}.Debug|x86.Build.0 = Debug|x86
		{3581E182-401E-4E42-BEEC-A5952C9987D5}.Release|Itanium.ActiveCfg = Release|Itanium
		{3581E182-401E-4E42-BEEC-A5952C9987D5}.Release|Itanium.Build.0 = Release|Itanium
		{3581E182-401E-4E42-BEEC-A5952C9987D5}.Release|Mixed Platforms.ActiveCfg = Release|Itanium
		{3581E182-401E-4E42-BEEC-A5952C9987D5}.Release|Mixed Platforms.Build.0 = Release|Itanium
		{3581E182-401E-4E42-BEEC-A5952C9987D5}.Release|x86.ActiveCfg = Release|x86
		{3581E182-401E-4E42-BEEC-A5952C9987D5}.Release|x86.Build.0 = Release|x86
		{8817E7B9-441E-45EF-B2BF-9E637DCCB868}.Debug|Itanium.ActiveCfg = Debug|Itanium
		{8817E7B9-441E-45EF-B2BF-9E637DCCB868}.Debug|Itanium.Build.0 = Debug|Itanium
		{8817E7B9-441E-45EF-B2BF-9E637DCCB868}.Debug|Mixed Platforms.ActiveCfg = Debug|Itanium
		{8817E7B9-441E-45EF-B2BF-9E637DCCB868}.Debug|Mixed Platforms.Build.0 = Debug|Itanium
		{8817E7B9-441E-45EF-B2BF-9E637DCCB868}.Debug|x86.ActiveCfg = Debug|x86
		{8817E7B9-441E-45EF-B2BF-9E637DCCB868}.Debug|x86.Build.0 = Debug|x86
		{8817E7B9-441E-45EF-B2BF-9E637DCCB868}.Release|Itanium.ActiveCfg = Release|Itanium
		{8817E7B9-441E-45EF-B2BF-9E637DCCB868}.Release|Itanium.Build.0 = Release|Itanium
		{8817E7B9-441E-45EF-B2BF-9E637DCCB868}.Release|Mixed Platforms.ActiveCfg = Release|Itanium
		{8817E7B9-441E-45EF-B2BF-9E637DCCB868}.Release|Mixed Platforms.Build.0 = Release|Itanium
		{8817E7B9-441E-45EF-B2BF-9E637DCCB868}.Release|x86.ActiveCfg = Release|x86
		{8817E7B9-441E-45EF-B2BF-9E637DCCB868}.Release|x86.Build.0 = Release|x86
		{BBE33154-D8E9-49A7-A8DA-F3ACA2D015A1}.Debug|Itanium.ActiveCfg = Debug|x86
		{BBE33154-D8E9-49A7-A8DA-F3ACA2D015A1}.Debug|Mixed Platforms.ActiveCfg = Debug|x86
		{BBE33154-D8E9-49A7-A8DA-F3ACA2D015A1}.Debug|Mixed Platforms.Build.0 = Debug|x86
		{BBE33154-D8E9-49A7-A8DA-F3ACA2D015A1}.Debug|x86.ActiveCfg = Debug|x86
		{BBE33154-D8E9-49A7-A8DA-F3ACA2D015A1}.Debug|x86.Build.0 = Debug|x86
		{BBE33154-D8E9-49A7-A8DA-F3ACA2D015A1}.Release|Itanium.ActiveCfg = Release|x86
		{BBE33154-D8E9-49A7-A8DA-F3ACA2D015A1}.Release|Mixed Platforms.ActiveCfg = Release|x86
		{BBE33154-D8E9-49A7-A8DA-F3ACA2D015A1}.Release|Mixed Platforms.Build.0 = Release|x86
		{BBE33154-D8E9-49A7-A8DA-F3ACA2D015A1}.Release|x86.ActiveCfg = Release|x86
		{BBE33154-D8E9-49A7-A8DA-F3ACA2D015A1}.Release|x86.Build.0 = Release|x86
		{894C1C82-04E0-46CB-8892-66A02F7769C2}.Debug|Itanium.ActiveCfg = Debug|Itanium
		{894C1C82-04E0-46CB-8892-66A02F7769C2}.Debug|Itanium.Build.0 = Debug|Itanium
		{894C1C82-04E0-46CB-8892-66A02F7769C2}.Debug|Mixed Platforms.ActiveCfg = Debug|Itanium
		{894C1C82-04E0-46CB-8892-66A02F7769C2}.Debug|Mixed Platforms.Build.0 = Debug|Itanium
		{894C1C82-04E0-46CB-8892-66A02F7769C2}.Debug|x86.ActiveCfg = Debug|x86
		{894C1C82-04E0-46CB-8892-66A02F7769C2}.Debug|x86.Build.0 = Debug|x86
		{894C1C82-04E0-46CB-8892-66A02F7769C2}.Release|Itanium.ActiveCfg = Release|Itanium
		{894C1C82-04E0-46CB-8892-66A02F7769C2}.Release|Itanium.Build.0 = Release|Itanium
		{894C1C82-04E0-46CB-8892-66A02F7769C2}.Release|Mixed Platforms.ActiveCfg = Release|Itanium
		{894C1C82-04E0-46CB-8892-66A02F7769C2}.Release|Mixed Platforms.Build.0 = Release|Itanium
		{894C1C82-04E0-46CB-8892-66A02F7769C2}.Release|x86.ActiveCfg = Release|x86
		{894C1C82-04E0-46CB-8892-66A02F7769C2}.Release|x86.Build.0 = Release|x86
	EndGlobalSection
	GlobalSection(SolutionProperties) = preSolution
		HideSolutionNode = FALSE
	EndGlobalSection
EndGlobal
