
Microsoft Visual Studio Solution File, Format Version 10.00
# Visual Studio 2008
Project("{FAE04EC0-301F-11D3-BF4B-00C04F79EFBC}") = "LvlViewer", "LvlViewer.csproj", "{B4530F67-8089-445E-902F-8C4D36F2F016}"
EndProject
Global
	GlobalSection(SolutionConfigurationPlatforms) = preSolution
		Debug|Any CPU = Debug|Any CPU
		Release|Any CPU = Release|Any CPU
	EndGlobalSection
	GlobalSection(ProjectConfigurationPlatforms) = postSolution
		{B4530F67-8089-445E-902F-8C4D36F2F016}.Debug|Any CPU.ActiveCfg = Debug|Any CPU
		{B4530F67-8089-445E-902F-8C4D36F2F016}.Debug|Any CPU.Build.0 = Debug|Any CPU
		{B4530F67-8089-445E-902F-8C4D36F2F016}.Release|Any CPU.ActiveCfg = Release|Any CPU
		{B4530F67-8089-445E-902F-8C4D36F2F016}.Release|Any CPU.Build.0 = Release|Any CPU
	EndGlobalSection
	GlobalSection(SolutionProperties) = preSolution
		HideSolutionNode = FALSE
	EndGlobalSection
EndGlobal
