
Microsoft Visual Studio Solution File, Format Version 12.00
# Visual Studio Version 17
VisualStudioVersion = 17.9.34723.18
MinimumVisualStudioVersion = 10.0.40219.1
Project("{9A19103F-16F7-4668-BE54-9A1E7A4F7556}") = "Network", "Network\Network.csproj", "{5941FC3E-83DA-486B-80E2-D14BEC69EB04}"
EndProject
Project("{9A19103F-16F7-4668-BE54-9A1E7A4F7556}") = "DBComm", "DBComm\DBComm.csproj", "{F3C38B70-2906-4B48-A6DB-D8EE9A402C16}"
EndProject
Project("{9A19103F-16F7-4668-BE54-9A1E7A4F7556}") = "Assets", "Assets\Assets.csproj", "{33A2D0E1-8C69-427D-9E3B-4ABF72FC5598}"
EndProject
Project("{9A19103F-16F7-4668-BE54-9A1E7A4F7556}") = "ZoneServer", "Server\ZoneServer.csproj", "{D76AC3FF-8176-4333-ADC8-BF0D3650BAF4}"
EndProject
Project("{9A19103F-16F7-4668-BE54-9A1E7A4F7556}") = "EpPathFinding.cs", "EpPathFinding.cs\EpPathFinding.cs.csproj", "{32420595-C356-4A4A-893C-3B2BA19C6CD2}"
EndProject
Project("{9A19103F-16F7-4668-BE54-9A1E7A4F7556}") = "Visibility", "Visibility\Visibility.csproj", "{0EB84016-969A-4BB5-886C-A3C935BAE8FA}"
EndProject
Project("{9A19103F-16F7-4668-BE54-9A1E7A4F7556}") = "SharpSteer", "SharpSteer\SharpSteer.csproj", "{7A685548-DFEE-4326-926A-F0FD5F22113F}"
EndProject
Project("{9A19103F-16F7-4668-BE54-9A1E7A4F7556}") = "Math", "Math\Math.csproj", "{2C6FFE71-8F70-4B26-ACB2-F62F52AC6C56}"
EndProject
Project("{9A19103F-16F7-4668-BE54-9A1E7A4F7556}") = "Database", "Database\Database.csproj", "{A33CBB9D-0821-43FB-9C2D-701F96372D00}"
EndProject
Project("{9A19103F-16F7-4668-BE54-9A1E7A4F7556}") = "DatabaseServer", "DatabaseServer\DatabaseServer.csproj", "{DD28866B-ACE6-485D-9985-63176A65BD14}"
EndProject
Project("{FAE04EC0-301F-11D3-BF4B-00C04F79EFBC}") = "DirectoryServer", "DirectoryServer\DirectoryServer.csproj", "{A9514B5F-E0E2-4D46-9AA0-428E9EF821C0}"
EndProject
Project("{2150E333-8FDC-42A3-9474-1A3956D46DE8}") = "Libraries", "Libraries", "{408D7480-78BA-47EF-BEBD-C1400867DAD5}"
EndProject
Project("{2150E333-8FDC-42A3-9474-1A3956D46DE8}") = "Applications", "Applications", "{5E580B30-EECD-4E7C-AF9C-29EDD68D9963}"
EndProject
Project("{FAE04EC0-301F-11D3-BF4B-00C04F79EFBC}") = "AccountServer", "AccountServer\AccountServer.csproj", "{CA8B5B19-A492-4465-8920-E4E2CC2541B3}"
EndProject
Global
	GlobalSection(SolutionConfigurationPlatforms) = preSolution
		Debug|Any CPU = Debug|Any CPU
		Release|Any CPU = Release|Any CPU
	EndGlobalSection
	GlobalSection(ProjectConfigurationPlatforms) = postSolution
		{5941FC3E-83DA-486B-80E2-D14BEC69EB04}.Debug|Any CPU.ActiveCfg = Debug|Any CPU
		{5941FC3E-83DA-486B-80E2-D14BEC69EB04}.Debug|Any CPU.Build.0 = Debug|Any CPU
		{5941FC3E-83DA-486B-80E2-D14BEC69EB04}.Release|Any CPU.ActiveCfg = Release|Any CPU
		{5941FC3E-83DA-486B-80E2-D14BEC69EB04}.Release|Any CPU.Build.0 = Release|Any CPU
		{F3C38B70-2906-4B48-A6DB-D8EE9A402C16}.Debug|Any CPU.ActiveCfg = Debug|Any CPU
		{F3C38B70-2906-4B48-A6DB-D8EE9A402C16}.Debug|Any CPU.Build.0 = Debug|Any CPU
		{F3C38B70-2906-4B48-A6DB-D8EE9A402C16}.Release|Any CPU.ActiveCfg = Release|Any CPU
		{F3C38B70-2906-4B48-A6DB-D8EE9A402C16}.Release|Any CPU.Build.0 = Release|Any CPU
		{33A2D0E1-8C69-427D-9E3B-4ABF72FC5598}.Debug|Any CPU.ActiveCfg = Debug|Any CPU
		{33A2D0E1-8C69-427D-9E3B-4ABF72FC5598}.Debug|Any CPU.Build.0 = Debug|Any CPU
		{33A2D0E1-8C69-427D-9E3B-4ABF72FC5598}.Release|Any CPU.ActiveCfg = Release|Any CPU
		{33A2D0E1-8C69-427D-9E3B-4ABF72FC5598}.Release|Any CPU.Build.0 = Release|Any CPU
		{D76AC3FF-8176-4333-ADC8-BF0D3650BAF4}.Debug|Any CPU.ActiveCfg = Debug|Any CPU
		{D76AC3FF-8176-4333-ADC8-BF0D3650BAF4}.Debug|Any CPU.Build.0 = Debug|Any CPU
		{D76AC3FF-8176-4333-ADC8-BF0D3650BAF4}.Release|Any CPU.ActiveCfg = Release|Any CPU
		{D76AC3FF-8176-4333-ADC8-BF0D3650BAF4}.Release|Any CPU.Build.0 = Release|Any CPU
		{32420595-C356-4A4A-893C-3B2BA19C6CD2}.Debug|Any CPU.ActiveCfg = Debug|Any CPU
		{32420595-C356-4A4A-893C-3B2BA19C6CD2}.Debug|Any CPU.Build.0 = Debug|Any CPU
		{32420595-C356-4A4A-893C-3B2BA19C6CD2}.Release|Any CPU.ActiveCfg = Release|Any CPU
		{32420595-C356-4A4A-893C-3B2BA19C6CD2}.Release|Any CPU.Build.0 = Release|Any CPU
		{0EB84016-969A-4BB5-886C-A3C935BAE8FA}.Debug|Any CPU.ActiveCfg = Debug|Any CPU
		{0EB84016-969A-4BB5-886C-A3C935BAE8FA}.Debug|Any CPU.Build.0 = Debug|Any CPU
		{0EB84016-969A-4BB5-886C-A3C935BAE8FA}.Release|Any CPU.ActiveCfg = Release|Any CPU
		{0EB84016-969A-4BB5-886C-A3C935BAE8FA}.Release|Any CPU.Build.0 = Release|Any CPU
		{7A685548-DFEE-4326-926A-F0FD5F22113F}.Debug|Any CPU.ActiveCfg = Debug|Any CPU
		{7A685548-DFEE-4326-926A-F0FD5F22113F}.Debug|Any CPU.Build.0 = Debug|Any CPU
		{7A685548-DFEE-4326-926A-F0FD5F22113F}.Release|Any CPU.ActiveCfg = Release|Any CPU
		{7A685548-DFEE-4326-926A-F0FD5F22113F}.Release|Any CPU.Build.0 = Release|Any CPU
		{2C6FFE71-8F70-4B26-ACB2-F62F52AC6C56}.Debug|Any CPU.ActiveCfg = Debug|Any CPU
		{2C6FFE71-8F70-4B26-ACB2-F62F52AC6C56}.Debug|Any CPU.Build.0 = Debug|Any CPU
		{2C6FFE71-8F70-4B26-ACB2-F62F52AC6C56}.Release|Any CPU.ActiveCfg = Release|Any CPU
		{2C6FFE71-8F70-4B26-ACB2-F62F52AC6C56}.Release|Any CPU.Build.0 = Release|Any CPU
		{A33CBB9D-0821-43FB-9C2D-701F96372D00}.Debug|Any CPU.ActiveCfg = Debug|Any CPU
		{A33CBB9D-0821-43FB-9C2D-701F96372D00}.Debug|Any CPU.Build.0 = Debug|Any CPU
		{A33CBB9D-0821-43FB-9C2D-701F96372D00}.Release|Any CPU.ActiveCfg = Release|Any CPU
		{A33CBB9D-0821-43FB-9C2D-701F96372D00}.Release|Any CPU.Build.0 = Release|Any CPU
		{DD28866B-ACE6-485D-9985-63176A65BD14}.Debug|Any CPU.ActiveCfg = Debug|Any CPU
		{DD28866B-ACE6-485D-9985-63176A65BD14}.Debug|Any CPU.Build.0 = Debug|Any CPU
		{DD28866B-ACE6-485D-9985-63176A65BD14}.Release|Any CPU.ActiveCfg = Release|Any CPU
		{DD28866B-ACE6-485D-9985-63176A65BD14}.Release|Any CPU.Build.0 = Release|Any CPU
		{A9514B5F-E0E2-4D46-9AA0-428E9EF821C0}.Debug|Any CPU.ActiveCfg = Debug|Any CPU
		{A9514B5F-E0E2-4D46-9AA0-428E9EF821C0}.Debug|Any CPU.Build.0 = Debug|Any CPU
		{A9514B5F-E0E2-4D46-9AA0-428E9EF821C0}.Release|Any CPU.ActiveCfg = Release|Any CPU
		{A9514B5F-E0E2-4D46-9AA0-428E9EF821C0}.Release|Any CPU.Build.0 = Release|Any CPU
		{CA8B5B19-A492-4465-8920-E4E2CC2541B3}.Debug|Any CPU.ActiveCfg = Debug|Any CPU
		{CA8B5B19-A492-4465-8920-E4E2CC2541B3}.Debug|Any CPU.Build.0 = Debug|Any CPU
		{CA8B5B19-A492-4465-8920-E4E2CC2541B3}.Release|Any CPU.ActiveCfg = Release|Any CPU
		{CA8B5B19-A492-4465-8920-E4E2CC2541B3}.Release|Any CPU.Build.0 = Release|Any CPU
	EndGlobalSection
	GlobalSection(SolutionProperties) = preSolution
		HideSolutionNode = FALSE
	EndGlobalSection
	GlobalSection(NestedProjects) = preSolution
		{5941FC3E-83DA-486B-80E2-D14BEC69EB04} = {408D7480-78BA-47EF-BEBD-C1400867DAD5}
		{F3C38B70-2906-4B48-A6DB-D8EE9A402C16} = {408D7480-78BA-47EF-BEBD-C1400867DAD5}
		{33A2D0E1-8C69-427D-9E3B-4ABF72FC5598} = {408D7480-78BA-47EF-BEBD-C1400867DAD5}
		{D76AC3FF-8176-4333-ADC8-BF0D3650BAF4} = {5E580B30-EECD-4E7C-AF9C-29EDD68D9963}
		{32420595-C356-4A4A-893C-3B2BA19C6CD2} = {408D7480-78BA-47EF-BEBD-C1400867DAD5}
		{0EB84016-969A-4BB5-886C-A3C935BAE8FA} = {408D7480-78BA-47EF-BEBD-C1400867DAD5}
		{7A685548-DFEE-4326-926A-F0FD5F22113F} = {408D7480-78BA-47EF-BEBD-C1400867DAD5}
		{2C6FFE71-8F70-4B26-ACB2-F62F52AC6C56} = {408D7480-78BA-47EF-BEBD-C1400867DAD5}
		{A33CBB9D-0821-43FB-9C2D-701F96372D00} = {408D7480-78BA-47EF-BEBD-C1400867DAD5}
		{DD28866B-ACE6-485D-9985-63176A65BD14} = {5E580B30-EECD-4E7C-AF9C-29EDD68D9963}
		{A9514B5F-E0E2-4D46-9AA0-428E9EF821C0} = {5E580B30-EECD-4E7C-AF9C-29EDD68D9963}
		{CA8B5B19-A492-4465-8920-E4E2CC2541B3} = {5E580B30-EECD-4E7C-AF9C-29EDD68D9963}
	EndGlobalSection
	GlobalSection(ExtensibilityGlobals) = postSolution
		SolutionGuid = {FFEFCB98-3E47-49A2-98FF-DA2892EF2FCC}
	EndGlobalSection
EndGlobal
