
Microsoft Visual Studio Solution File, Format Version 10.00
# Visual Studio 2008
Project("{FAE04EC0-301F-11D3-BF4B-00C04F79EFBC}") = "InfDatabase", "InfDatabase\InfDatabase.csproj", "{40DAA82C-3DB0-4922-8F36-383E1AEC0C0D}"
EndProject
Project("{FAE04EC0-301F-11D3-BF4B-00C04F79EFBC}") = "DBComm", "DBComm\DBComm.csproj", "{BE76F013-B0CC-43BC-B61E-A09FD764F021}"
EndProject
Global
	GlobalSection(SolutionConfigurationPlatforms) = preSolution
		Debug|Any CPU = Debug|Any CPU
		Release|Any CPU = Release|Any CPU
	EndGlobalSection
	GlobalSection(ProjectConfigurationPlatforms) = postSolution
		{40DAA82C-3DB0-4922-8F36-383E1AEC0C0D}.Debug|Any CPU.ActiveCfg = Debug|Any CPU
		{40DAA82C-3DB0-4922-8F36-383E1AEC0C0D}.Debug|Any CPU.Build.0 = Debug|Any CPU
		{40DAA82C-3DB0-4922-8F36-383E1AEC0C0D}.Release|Any CPU.ActiveCfg = Release|Any CPU
		{40DAA82C-3DB0-4922-8F36-383E1AEC0C0D}.Release|Any CPU.Build.0 = Release|Any CPU
		{BE76F013-B0CC-43BC-B61E-A09FD764F021}.Debug|Any CPU.ActiveCfg = Debug|Any CPU
		{BE76F013-B0CC-43BC-B61E-A09FD764F021}.Debug|Any CPU.Build.0 = Debug|Any CPU
		{BE76F013-B0CC-43BC-B61E-A09FD764F021}.Release|Any CPU.ActiveCfg = Release|Any CPU
		{BE76F013-B0CC-43BC-B61E-A09FD764F021}.Release|Any CPU.Build.0 = Release|Any CPU
	EndGlobalSection
	GlobalSection(SolutionProperties) = preSolution
		HideSolutionNode = FALSE
	EndGlobalSection
EndGlobal
